Microsoft Visual Studio Solution File, Format Version 12.00
# Visual Studio Version 16
VisualStudioVersion = 16.0.30804.86
MinimumVisualStudioVersion = 10.0.40219.1
Project("{9A19103F-16F7-4668-BE54-9A1E7A4F7556}") = "AspStudio", "AspStudio.csproj", "{A6C3D3AC-A321-4F61-A1AD-909499259A7B}"
EndProject
Global
	GlobalSection(SolutionConfigurationPlatforms) = preSolution
		Debug|Any CPU = Debug|Any CPU
		Release|Any CPU = Release|Any CPU
	EndGlobalSection
	GlobalSection(ProjectConfigurationPlatforms) = postSolution
		{A6C3D3AC-A321-4F61-A1AD-909499259A7B}.Debug|Any CPU.ActiveCfg = Debug|Any CPU
		{A6C3D3AC-A321-4F61-A1AD-909499259A7B}.Debug|Any CPU.Build.0 = Debug|Any CPU
		{A6C3D3AC-A321-4F61-A1AD-909499259A7B}.Release|Any CPU.ActiveCfg = Release|Any CPU
		{A6C3D3AC-A321-4F61-A1AD-909499259A7B}.Release|Any CPU.Build.0 = Release|Any CPU
	EndGlobalSection
	GlobalSection(SolutionProperties) = preSolution
		HideSolutionNode = FALSE
	EndGlobalSection
	GlobalSection(ExtensibilityGlobals) = postSolution
		SolutionGuid = {E191F155-1E1F-47F8-A395-AD79A496BC1C}
	EndGlobalSection
EndGlobal
